# This is a Gradle generated file for dependency locking.
# Manual edits can break the build and are not advised.
# This file is expected to be part of source control.
# To regenerate this file, run: ./gradlew :mock-provider:dependencies --write-locks
ch.qos.logback:logback-classic:1.3.5=ktlint
ch.qos.logback:logback-core:1.3.5=ktlint
com.charleskorn.kaml:kaml-jvm:0.58.0=compileClasspath,runtimeClasspath,testCompileClasspath,testRuntimeClasspath
com.charleskorn.kaml:kaml:0.58.0=compileClasspath,runtimeClasspath,testCompileClasspath,testRuntimeClasspath
com.google.android:annotations:4.1.1.4=runtimeClasspath,testRuntimeClasspath
com.google.code.findbugs:jsr305:3.0.2=compileClasspath,runtimeClasspath,testCompileClasspath,testRuntimeClasspath
com.google.code.gson:gson:2.14.0=runtimeClasspath,testRuntimeClasspath
com.google.errorprone:error_prone_annotations:2.50.0=compileClasspath,runtimeClasspath,testCompileClasspath,testRuntimeClasspath
com.google.guava:failureaccess:1.0.3=compileClasspath,runtimeClasspath,testCompileClasspath,testRuntimeClasspath
com.google.guava:guava:33.6.0-android=compileClasspath,runtimeClasspath,testCompileClasspath,testRuntimeClasspath
com.google.guava:listenablefuture:9999.0-empty-to-avoid-conflict-with-guava=compileClasspath,runtimeClasspath,testCompileClasspath,testRuntimeClasspath
com.google.j2objc:j2objc-annotations:3.1=compileClasspath,runtimeClasspath,testCompileClasspath,testRuntimeClasspath
com.google.protobuf:protobuf-javalite:3.25.9=compileClasspath,testCompileClasspath
com.google.protobuf:protobuf-javalite:4.36.0=runtimeClasspath,testRuntimeClasspath
com.google.protobuf:protobuf-kotlin-lite:4.36.0=runtimeClasspath,testRuntimeClasspath
com.pinterest.ktlint:ktlint-cli-reporter:0.49.0=ktlint
com.pinterest.ktlint:ktlint-cli-ruleset-core:0.49.0=ktlint
com.pinterest.ktlint:ktlint-core:0.49.0=ktlint
com.pinterest.ktlint:ktlint-logger:0.49.0=ktlint
com.pinterest.ktlint:ktlint-reporter-baseline:0.49.0=ktlint
com.pinterest.ktlint:ktlint-reporter-checkstyle:0.49.0=ktlint
com.pinterest.ktlint:ktlint-reporter-format:0.49.0=ktlint
com.pinterest.ktlint:ktlint-reporter-html:0.49.0=ktlint
com.pinterest.ktlint:ktlint-reporter-json:0.49.0=ktlint
com.pinterest.ktlint:ktlint-reporter-plain-summary:0.49.0=ktlint
com.pinterest.ktlint:ktlint-reporter-plain:0.49.0=ktlint
com.pinterest.ktlint:ktlint-reporter-sarif:0.49.0=ktlint
com.pinterest.ktlint:ktlint-rule-engine-core:0.49.0=ktlint
com.pinterest.ktlint:ktlint-rule-engine:0.49.0=ktlint
com.pinterest.ktlint:ktlint-ruleset-standard:0.49.0=ktlint
com.pinterest:ktlint:0.49.0=ktlint
com.squareup.okio:okio-jvm:3.8.0=runtimeClasspath,testRuntimeClasspath
com.squareup.okio:okio:3.8.0=runtimeClasspath,testRuntimeClasspath
info.picocli:picocli:4.7.1=ktlint
io.github.classgraph:classgraph:4.8.186=testRuntimeClasspath
io.github.detekt.sarif4k:sarif4k:0.2.0=ktlint
io.github.java-diff-utils:java-diff-utils:4.16=testRuntimeClasspath
io.github.microutils:kotlin-logging-jvm:3.0.5=ktlint
io.github.pdvrieze.xmlutil:core-jvmcommon:0.91.3=testRuntimeClasspath
io.github.pdvrieze.xmlutil:core:0.91.3=testRuntimeClasspath
io.github.pdvrieze.xmlutil:serialization-jvm:0.91.3=testRuntimeClasspath
io.github.pdvrieze.xmlutil:serialization:0.91.3=testRuntimeClasspath
io.grpc:grpc-api:1.83.1=compileClasspath,runtimeClasspath,testCompileClasspath,testRuntimeClasspath
io.grpc:grpc-context:1.83.1=runtimeClasspath,testRuntimeClasspath
io.grpc:grpc-core:1.83.1=compileClasspath,runtimeClasspath,testCompileClasspath,testRuntimeClasspath
io.grpc:grpc-kotlin-stub:1.5.0=runtimeClasspath,testRuntimeClasspath
io.grpc:grpc-netty-shaded:1.83.1=compileClasspath,runtimeClasspath,testCompileClasspath,testRuntimeClasspath
io.grpc:grpc-okhttp:1.83.1=runtimeClasspath,testRuntimeClasspath
io.grpc:grpc-protobuf-lite:1.83.1=compileClasspath,runtimeClasspath,testCompileClasspath,testRuntimeClasspath
io.grpc:grpc-stub:1.83.1=compileClasspath,runtimeClasspath,testCompileClasspath,testRuntimeClasspath
io.grpc:grpc-util:1.83.1=runtimeClasspath,testRuntimeClasspath
io.kotest:kotest-assertions-core-jvm:6.2.4=testCompileClasspath,testRuntimeClasspath
io.kotest:kotest-assertions-core:6.2.4=testCompileClasspath,testRuntimeClasspath
io.kotest:kotest-assertions-shared-jvm:6.2.4=testCompileClasspath,testRuntimeClasspath
io.kotest:kotest-assertions-shared:6.2.4=testCompileClasspath,testRuntimeClasspath
io.kotest:kotest-common-jvm:6.2.4=testCompileClasspath,testRuntimeClasspath
io.kotest:kotest-common:6.2.4=testCompileClasspath,testRuntimeClasspath
io.kotest:kotest-extensions-jvm:6.2.4=testCompileClasspath,testRuntimeClasspath
io.kotest:kotest-extensions:6.2.4=testCompileClasspath,testRuntimeClasspath
io.kotest:kotest-framework-engine-jvm:6.2.4=testCompileClasspath,testRuntimeClasspath
io.kotest:kotest-framework-engine:6.2.4=testCompileClasspath,testRuntimeClasspath
io.kotest:kotest-runner-junit-platform-jvm:6.2.4=testCompileClasspath,testRuntimeClasspath
io.kotest:kotest-runner-junit-platform:6.2.4=testCompileClasspath,testRuntimeClasspath
io.kotest:kotest-runner-junit5-jvm:6.2.4=testCompileClasspath,testRuntimeClasspath
io.kotest:kotest-runner-junit5:6.2.4=testCompileClasspath,testRuntimeClasspath
io.mockk:mockk-agent-api-jvm:1.14.11=testCompileClasspath,testRuntimeClasspath
io.mockk:mockk-agent-api:1.14.11=testCompileClasspath,testRuntimeClasspath
io.mockk:mockk-agent-jvm:1.14.11=testCompileClasspath,testRuntimeClasspath
io.mockk:mockk-agent:1.14.11=testCompileClasspath,testRuntimeClasspath
io.mockk:mockk-core-jvm:1.14.11=testCompileClasspath,testRuntimeClasspath
io.mockk:mockk-core:1.14.11=testCompileClasspath,testRuntimeClasspath
io.mockk:mockk-dsl-jvm:1.14.11=testCompileClasspath,testRuntimeClasspath
io.mockk:mockk-dsl:1.14.11=testCompileClasspath,testRuntimeClasspath
io.mockk:mockk-jvm:1.14.11=testCompileClasspath,testRuntimeClasspath
io.mockk:mockk:1.14.11=testCompileClasspath,testRuntimeClasspath
io.perfmark:perfmark-api:0.27.0=runtimeClasspath,testRuntimeClasspath
it.krzeminski:snakeyaml-engine-kmp-jvm:2.7.3=runtimeClasspath,testRuntimeClasspath
it.krzeminski:snakeyaml-engine-kmp:2.7.3=runtimeClasspath,testRuntimeClasspath
javax.annotation:javax.annotation-api:1.3.2=runtimeClasspath,testRuntimeClasspath
net.bytebuddy:byte-buddy-agent:1.18.2=testCompileClasspath,testRuntimeClasspath
net.bytebuddy:byte-buddy:1.18.2=testCompileClasspath,testRuntimeClasspath
net.java.dev.jna:jna-platform:5.9.0=testCompileClasspath,testRuntimeClasspath
net.java.dev.jna:jna:5.6.0=ktlint
net.java.dev.jna:jna:5.9.0=testCompileClasspath,testRuntimeClasspath
net.thauvin.erik.urlencoder:urlencoder-lib-jvm:1.4.0=runtimeClasspath,testRuntimeClasspath
net.thauvin.erik.urlencoder:urlencoder-lib:1.4.0=runtimeClasspath,testRuntimeClasspath
org.apiguardian:apiguardian-api:1.1.2=testCompileClasspath
org.codehaus.mojo:animal-sniffer-annotations:1.27=compileClasspath,runtimeClasspath,testCompileClasspath,testRuntimeClasspath
org.ec4j.core:ec4j-core:0.3.0=ktlint
org.jacoco:org.jacoco.agent:0.8.14=jacocoAgent,jacocoAnt
org.jacoco:org.jacoco.ant:0.8.14=jacocoAnt
org.jacoco:org.jacoco.core:0.8.14=jacocoAnt
org.jacoco:org.jacoco.report:0.8.14=jacocoAnt
org.jetbrains.intellij.deps:trove4j:1.0.20200330=ktlint
org.jetbrains.kotlin:kotlin-build-tools-api:2.4.0=kotlinAbiValidationCompatClasspath
org.jetbrains.kotlin:kotlin-build-tools-api:2.4.10=kotlinBuildToolsApiClasspath,kotlinCompilerClasspath,kotlinKlibCommonizerClasspath
org.jetbrains.kotlin:kotlin-build-tools-compat:2.4.10=kotlinAbiValidationCompatClasspath,kotlinBuildToolsApiClasspath,kotlinCompilerClasspath
org.jetbrains.kotlin:kotlin-build-tools-cri-impl:2.4.0=kotlinAbiValidationCompatClasspath
org.jetbrains.kotlin:kotlin-build-tools-cri-impl:2.4.10=kotlinBuildToolsApiClasspath,kotlinCompilerClasspath
org.jetbrains.kotlin:kotlin-build-tools-impl:2.4.0=kotlinAbiValidationCompatClasspath
org.jetbrains.kotlin:kotlin-build-tools-impl:2.4.10=kotlinBuildToolsApiClasspath,kotlinCompilerClasspath
org.jetbrains.kotlin:kotlin-compiler-embeddable:1.8.20=ktlint
org.jetbrains.kotlin:kotlin-compiler-embeddable:2.4.0=kotlinAbiValidationCompatClasspath
org.jetbrains.kotlin:kotlin-compiler-embeddable:2.4.10=kotlinBuildToolsApiClasspath,kotlinCompilerClasspath,kotlinKlibCommonizerClasspath
org.jetbrains.kotlin:kotlin-compiler-runner:2.4.0=kotlinAbiValidationCompatClasspath
org.jetbrains.kotlin:kotlin-compiler-runner:2.4.10=kotlinBuildToolsApiClasspath,kotlinCompilerClasspath
org.jetbrains.kotlin:kotlin-daemon-client:2.4.0=kotlinAbiValidationCompatClasspath
org.jetbrains.kotlin:kotlin-daemon-client:2.4.10=kotlinBuildToolsApiClasspath,kotlinCompilerClasspath
org.jetbrains.kotlin:kotlin-daemon-embeddable:1.8.20=ktlint
org.jetbrains.kotlin:kotlin-daemon-embeddable:2.4.0=kotlinAbiValidationCompatClasspath
org.jetbrains.kotlin:kotlin-daemon-embeddable:2.4.10=kotlinBuildToolsApiClasspath,kotlinCompilerClasspath,kotlinKlibCommonizerClasspath
org.jetbrains.kotlin:kotlin-klib-commonizer-embeddable:2.4.10=kotlinKlibCommonizerClasspath
org.jetbrains.kotlin:kotlin-reflect:1.6.10=kotlinAbiValidationCompatClasspath,kotlinBuildToolsApiClasspath,kotlinCompilerClasspath,kotlinKlibCommonizerClasspath,ktlint
org.jetbrains.kotlin:kotlin-reflect:2.4.10=runtimeClasspath,testRuntimeClasspath
org.jetbrains.kotlin:kotlin-script-runtime:1.8.20=ktlint
org.jetbrains.kotlin:kotlin-script-runtime:2.4.0=kotlinAbiValidationCompatClasspath
org.jetbrains.kotlin:kotlin-script-runtime:2.4.10=kotlinBuildToolsApiClasspath,kotlinCompilerClasspath,kotlinCompilerPluginClasspathMain,kotlinCompilerPluginClasspathTest,kotlinKlibCommonizerClasspath
org.jetbrains.kotlin:kotlin-scripting-common:2.4.10=kotlinCompilerPluginClasspathMain,kotlinCompilerPluginClasspathTest
org.jetbrains.kotlin:kotlin-scripting-compiler-embeddable:2.4.10=kotlinCompilerPluginClasspathMain,kotlinCompilerPluginClasspathTest
org.jetbrains.kotlin:kotlin-scripting-compiler-impl-embeddable:2.4.10=kotlinCompilerPluginClasspathMain,kotlinCompilerPluginClasspathTest
org.jetbrains.kotlin:kotlin-scripting-jvm:2.4.10=kotlinCompilerPluginClasspathMain,kotlinCompilerPluginClasspathTest
org.jetbrains.kotlin:kotlin-serialization-compiler-plugin-embeddable:2.4.10=kotlinCompilerPluginClasspathMain,kotlinCompilerPluginClasspathTest
org.jetbrains.kotlin:kotlin-stdlib-common:1.8.20=ktlint
org.jetbrains.kotlin:kotlin-stdlib-common:2.4.10=compileClasspath,runtimeClasspath,testCompileClasspath,testRuntimeClasspath
org.jetbrains.kotlin:kotlin-stdlib-jdk7:1.8.20=ktlint
org.jetbrains.kotlin:kotlin-stdlib-jdk7:1.9.0=runtimeClasspath,testRuntimeClasspath
org.jetbrains.kotlin:kotlin-stdlib-jdk8:1.8.20=ktlint
org.jetbrains.kotlin:kotlin-stdlib-jdk8:1.9.0=runtimeClasspath,testRuntimeClasspath
org.jetbrains.kotlin:kotlin-stdlib:1.8.20=ktlint
org.jetbrains.kotlin:kotlin-stdlib:2.4.0=kotlinAbiValidationCompatClasspath
org.jetbrains.kotlin:kotlin-stdlib:2.4.10=compileClasspath,kotlinBuildToolsApiClasspath,kotlinCompilerClasspath,kotlinCompilerPluginClasspathMain,kotlinCompilerPluginClasspathTest,kotlinKlibCommonizerClasspath,runtimeClasspath,testCompileClasspath,testRuntimeClasspath
org.jetbrains.kotlin:kotlin-tooling-core:2.4.10=kotlinAbiValidationCompatClasspath,kotlinBuildToolsApiClasspath,kotlinCompilerClasspath
org.jetbrains.kotlinx:kotlinx-coroutines-bom:1.11.0=compileClasspath,runtimeClasspath,testCompileClasspath,testRuntimeClasspath
org.jetbrains.kotlinx:kotlinx-coroutines-core-jvm:1.11.0=compileClasspath,runtimeClasspath,testCompileClasspath,testRuntimeClasspath
org.jetbrains.kotlinx:kotlinx-coroutines-core-jvm:1.8.0=kotlinAbiValidationCompatClasspath,kotlinBuildToolsApiClasspath,kotlinCompilerClasspath,kotlinKlibCommonizerClasspath
org.jetbrains.kotlinx:kotlinx-coroutines-core:1.11.0=compileClasspath,runtimeClasspath,testCompileClasspath,testRuntimeClasspath
org.jetbrains.kotlinx:kotlinx-coroutines-debug:1.11.0=testCompileClasspath,testRuntimeClasspath
org.jetbrains.kotlinx:kotlinx-coroutines-jdk8:1.11.0=testRuntimeClasspath
org.jetbrains.kotlinx:kotlinx-coroutines-test-jvm:1.11.0=testCompileClasspath,testRuntimeClasspath
org.jetbrains.kotlinx:kotlinx-coroutines-test:1.11.0=testCompileClasspath,testRuntimeClasspath
org.jetbrains.kotlinx:kotlinx-io-bytestring-jvm:0.8.2=testRuntimeClasspath
org.jetbrains.kotlinx:kotlinx-io-bytestring:0.8.2=testRuntimeClasspath
org.jetbrains.kotlinx:kotlinx-io-core-jvm:0.8.2=testRuntimeClasspath
org.jetbrains.kotlinx:kotlinx-io-core:0.8.2=testRuntimeClasspath
org.jetbrains.kotlinx:kotlinx-serialization-bom:1.6.3=compileClasspath,runtimeClasspath,testCompileClasspath,testRuntimeClasspath
org.jetbrains.kotlinx:kotlinx-serialization-core-jvm:1.4.1=ktlint
org.jetbrains.kotlinx:kotlinx-serialization-core-jvm:1.6.3=compileClasspath,runtimeClasspath,testCompileClasspath
org.jetbrains.kotlinx:kotlinx-serialization-core-jvm:1.9.0=testRuntimeClasspath
org.jetbrains.kotlinx:kotlinx-serialization-core:1.4.1=ktlint
org.jetbrains.kotlinx:kotlinx-serialization-core:1.6.3=compileClasspath,runtimeClasspath,testCompileClasspath
org.jetbrains.kotlinx:kotlinx-serialization-core:1.9.0=testRuntimeClasspath
org.jetbrains.kotlinx:kotlinx-serialization-json-jvm:1.4.1=ktlint
org.jetbrains.kotlinx:kotlinx-serialization-json-jvm:1.6.3=compileClasspath,runtimeClasspath,testCompileClasspath,testRuntimeClasspath
org.jetbrains.kotlinx:kotlinx-serialization-json:1.4.1=ktlint
org.jetbrains.kotlinx:kotlinx-serialization-json:1.6.3=compileClasspath,runtimeClasspath,testCompileClasspath,testRuntimeClasspath
org.jetbrains:annotations:13.0=kotlinAbiValidationCompatClasspath,kotlinBuildToolsApiClasspath,kotlinCompilerClasspath,kotlinCompilerPluginClasspathMain,kotlinCompilerPluginClasspathTest,kotlinKlibCommonizerClasspath,ktlint
org.jetbrains:annotations:23.0.0=compileClasspath,runtimeClasspath,testCompileClasspath,testRuntimeClasspath
org.jspecify:jspecify:1.0.0=compileClasspath,runtimeClasspath,testCompileClasspath,testRuntimeClasspath
org.junit.jupiter:junit-jupiter-api:5.13.4=testCompileClasspath,testRuntimeClasspath
org.junit.platform:junit-platform-commons:1.13.4=testCompileClasspath,testRuntimeClasspath
org.junit.platform:junit-platform-engine:1.13.4=testCompileClasspath,testRuntimeClasspath
org.junit.platform:junit-platform-launcher:1.13.4=testCompileClasspath,testRuntimeClasspath
org.junit.platform:junit-platform-suite-api:1.13.4=testCompileClasspath,testRuntimeClasspath
org.junit:junit-bom:5.13.4=testCompileClasspath,testRuntimeClasspath
org.objenesis:objenesis:3.4=testCompileClasspath,testRuntimeClasspath
org.opentest4j:opentest4j:1.3.0=testCompileClasspath,testRuntimeClasspath
org.ow2.asm:asm-commons:9.9=jacocoAnt
org.ow2.asm:asm-tree:9.9=jacocoAnt
org.ow2.asm:asm:9.9=jacocoAnt
org.slf4j:slf4j-api:2.0.4=ktlint
empty=annotationProcessor,implementationDependenciesMetadata,kotlinCompilerPluginClasspath,kotlinNativeCompilerPluginClasspath,kotlinScriptDefExtensions,testAnnotationProcessor,testImplementationDependenciesMetadata,testKotlinScriptDefExtensions
